<?xml version="1.0" encoding="utf-8"?>
<Project ToolsVersion="4.0" xmlns="http://schemas.microsoft.com/developer/msbuild/2003">
  <ItemGroup>
    <Filter Include="资源文件">
      <UniqueIdentifier>{67DA6AB6-F800-4c08-8B7A-83BB121AAD01}</UniqueIdentifier>
      <Extensions>rc;ico;cur;bmp;dlg;rc2;rct;bin;rgs;gif;jpg;jpeg;jpe;resx;tiff;tif;png;wav;mfcribbon-ms</Extensions>
    </Filter>
    <Filter Include="inc">
      <UniqueIdentifier>{93995380-89BD-4b04-88EB-625FBE52EBFB}</UniqueIdentifier>
      <Extensions>h;hh;hpp;hxx;hm;inl;inc;xsd</Extensions>
    </Filter>
    <Filter Include="src">
      <UniqueIdentifier>{4FC737F1-C7A5-4376-A066-2A32D752A2FF}</UniqueIdentifier>
      <Extensions>cpp;c;cc;cxx;def;odl;idl;hpj;bat;asm;asmx</Extensions>
    </Filter>
    <Filter Include="src\graphics_device">
      <UniqueIdentifier>{b0c770f7-5b35-4288-9d9a-690069555473}</UniqueIdentifier>
    </Filter>
    <Filter Include="src\framework">
      <UniqueIdentifier>{bdea4242-20c0-4a33-afe3-57ed9ff6f20f}</UniqueIdentifier>
    </Filter>
    <Filter Include="src\window">
      <UniqueIdentifier>{07dcd7ae-fde7-4580-83b7-0d027a0d7919}</UniqueIdentifier>
    </Filter>
    <Filter Include="src\image">
      <UniqueIdentifier>{02520fad-ca94-48ed-b1f7-baea10ca8288}</UniqueIdentifier>
    </Filter>
    <Filter Include="src\utils">
      <UniqueIdentifier>{e5e58470-57bb-4a78-8952-1ad12f103caa}</UniqueIdentifier>
    </Filter>
    <Filter Include="src\math">
      <UniqueIdentifier>{8410bb18-fd41-46cc-94c4-50b266fc92c5}</UniqueIdentifier>
    </Filter>
  </ItemGroup>
  <ItemGroup>
    <ClCompile Include="color_buffer.cpp">
      <Filter>src\graphics_device</Filter>
    </ClCompile>
    <ClCompile Include="framework.cpp">
      <Filter>src\framework</Filter>
    </ClCompile>
    <ClCompile Include="window.cpp">
      <Filter>src\window</Filter>
    </ClCompile>
    <ClCompile Include="image_win32.cpp">
      <Filter>src\image</Filter>
    </ClCompile>
    <ClCompile Include="utils.cpp">
      <Filter>src\utils</Filter>
    </ClCompile>
    <ClCompile Include="vector.cpp">
      <Filter>src\math</Filter>
    </ClCompile>
    <ClCompile Include="matrix.cpp">
      <Filter>src\math</Filter>
    </ClCompile>
  </ItemGroup>
  <ItemGroup>
    <ClInclude Include="device.h">
      <Filter>inc</Filter>
    </ClInclude>
    <ClInclude Include="framework.h">
      <Filter>inc</Filter>
    </ClInclude>
    <ClInclude Include="common_header.h">
      <Filter>inc</Filter>
    </ClInclude>
    <ClInclude Include="utils.h">
      <Filter>inc</Filter>
    </ClInclude>
    <ClInclude Include="image.h">
      <Filter>inc</Filter>
    </ClInclude>
    <ClInclude Include="math.h">
      <Filter>inc</Filter>
    </ClInclude>
  </ItemGroup>
</Project>